// !$*UTF8*$!
{
	archiveVersion = 1;
	classes = {
	};
	objectVersion = 46;
	objects = {

/* Begin PBXBuildFile section */
		5FEB6C741AA092F6000F7891 /* AppDelegate.swift in Sources */ = {isa = PBXBuildFile; fileRef = 5FEB6C731AA092F6000F7891 /* AppDelegate.swift */; };
		5FEB6C761AA092F6000F7891 /* ViewController.swift in Sources */ = {isa = PBXBuildFile; fileRef = 5FEB6C751AA092F6000F7891 /* ViewController.swift */; };
		5FEB6C791AA092F6000F7891 /* Main.storyboard in Resources */ = {isa = PBXBuildFile; fileRef = 5FEB6C771AA092F6000F7891 /* Main.storyboard */; };
		5FEB6C7B1AA092F6000F7891 /* Images.xcassets in Resources */ = {isa = PBXBuildFile; fileRef = 5FEB6C7A1AA092F6000F7891 /* Images.xcassets */; };
		5FEB6C7E1AA092F6000F7891 /* LaunchScreen.xib in Resources */ = {isa = PBXBuildFile; fileRef = 5FEB6C7C1AA092F6000F7891 /* LaunchScreen.xib */; };
		5FEB6C8A1AA092F6000F7891 /* RealmRelationsSampleTests.swift in Sources */ = {isa = PBXBuildFile; fileRef = 5FEB6C891AA092F6000F7891 /* RealmRelationsSampleTests.swift */; };
		5FEB6C941AA0984A000F7891 /* Realm.framework in Frameworks */ = {isa = PBXBuildFile; fileRef = 5FEB6C931AA0984A000F7891 /* Realm.framework */; };
		5FEB6C951AA0984A000F7891 /* Realm.framework in Embed Frameworks */ = {isa = PBXBuildFile; fileRef = 5FEB6C931AA0984A000F7891 /* Realm.framework */; settings = {ATTRIBUTES = (CodeSignOnCopy, RemoveHeadersOnCopy, ); }; };
		5FEB6C981AA09A74000F7891 /* RLMSupport.swift in Sources */ = {isa = PBXBuildFile; fileRef = 5FEB6C971AA09A74000F7891 /* RLMSupport.swift */; };
		5FEB6C9C1AA09DB4000F7891 /* Person.swift in Sources */ = {isa = PBXBuildFile; fileRef = 5FEB6C9B1AA09DB4000F7891 /* Person.swift */; };
		5FEB6C9E1AA0C1DF000F7891 /* Face.swift in Sources */ = {isa = PBXBuildFile; fileRef = 5FEB6C9D1AA0C1DF000F7891 /* Face.swift */; };
		5FEB6CA11AA0CA1A000F7891 /* Sushi.swift in Sources */ = {isa = PBXBuildFile; fileRef = 5FEB6CA01AA0CA1A000F7891 /* Sushi.swift */; };
		5FEB6CA51AA0D0C6000F7891 /* Company.swift in Sources */ = {isa = PBXBuildFile; fileRef = 5FEB6CA41AA0D0C6000F7891 /* Company.swift */; };
		5FEB6CA71AA0D17F000F7891 /* OtherPerson.swift in Sources */ = {isa = PBXBuildFile; fileRef = 5FEB6CA61AA0D17F000F7891 /* OtherPerson.swift */; };
/* End PBXBuildFile section */

/* Begin PBXContainerItemProxy section */
		5FEB6C841AA092F6000F7891 /* PBXContainerItemProxy */ = {
			isa = PBXContainerItemProxy;
			containerPortal = 5FEB6C661AA092F6000F7891 /* Project object */;
			proxyType = 1;
			remoteGlobalIDString = 5FEB6C6D1AA092F6000F7891;
			remoteInfo = RealmRelationsSample;
		};
/* End PBXContainerItemProxy section */

/* Begin PBXCopyFilesBuildPhase section */
		5FEB6C961AA0984A000F7891 /* Embed Frameworks */ = {
			isa = PBXCopyFilesBuildPhase;
			buildActionMask = 2147483647;
			dstPath = "";
			dstSubfolderSpec = 10;
			files = (
				5FEB6C951AA0984A000F7891 /* Realm.framework in Embed Frameworks */,
			);
			name = "Embed Frameworks";
			runOnlyForDeploymentPostprocessing = 0;
		};
/* End PBXCopyFilesBuildPhase section */

/* Begin PBXFileReference section */
		5FEB6C6E1AA092F6000F7891 /* RealmRelationsSample.app */ = {isa = PBXFileReference; explicitFileType = wrapper.application; includeInIndex = 0; path = RealmRelationsSample.app; sourceTree = BUILT_PRODUCTS_DIR; };
		5FEB6C721AA092F6000F7891 /* Info.plist */ = {isa = PBXFileReference; lastKnownFileType = text.plist.xml; path = Info.plist; sourceTree = "<group>"; };
		5FEB6C731AA092F6000F7891 /* AppDelegate.swift */ = {isa = PBXFileReference; lastKnownFileType = sourcecode.swift; path = AppDelegate.swift; sourceTree = "<group>"; };
		5FEB6C751AA092F6000F7891 /* ViewController.swift */ = {isa = PBXFileReference; lastKnownFileType = sourcecode.swift; path = ViewController.swift; sourceTree = "<group>"; };
		5FEB6C781AA092F6000F7891 /* Base */ = {isa = PBXFileReference; lastKnownFileType = file.storyboard; name = Base; path = Base.lproj/Main.storyboard; sourceTree = "<group>"; };
		5FEB6C7A1AA092F6000F7891 /* Images.xcassets */ = {isa = PBXFileReference; lastKnownFileType = folder.assetcatalog; path = Images.xcassets; sourceTree = "<group>"; };
		5FEB6C7D1AA092F6000F7891 /* Base */ = {isa = PBXFileReference; lastKnownFileType = file.xib; name = Base; path = Base.lproj/LaunchScreen.xib; sourceTree = "<group>"; };
		5FEB6C831AA092F6000F7891 /* RealmRelationsSampleTests.xctest */ = {isa = PBXFileReference; explicitFileType = wrapper.cfbundle; includeInIndex = 0; path = RealmRelationsSampleTests.xctest; sourceTree = BUILT_PRODUCTS_DIR; };
		5FEB6C881AA092F6000F7891 /* Info.plist */ = {isa = PBXFileReference; lastKnownFileType = text.plist.xml; path = Info.plist; sourceTree = "<group>"; };
		5FEB6C891AA092F6000F7891 /* RealmRelationsSampleTests.swift */ = {isa = PBXFileReference; lastKnownFileType = sourcecode.swift; path = RealmRelationsSampleTests.swift; sourceTree = "<group>"; };
		5FEB6C931AA0984A000F7891 /* Realm.framework */ = {isa = PBXFileReference; lastKnownFileType = wrapper.framework; name = Realm.framework; path = Carthage/Build/iOS/Realm.framework; sourceTree = "<group>"; };
		5FEB6C971AA09A74000F7891 /* RLMSupport.swift */ = {isa = PBXFileReference; fileEncoding = 4; lastKnownFileType = sourcecode.swift; path = RLMSupport.swift; sourceTree = "<group>"; };
		5FEB6C9B1AA09DB4000F7891 /* Person.swift */ = {isa = PBXFileReference; fileEncoding = 4; lastKnownFileType = sourcecode.swift; path = Person.swift; sourceTree = "<group>"; };
		5FEB6C9D1AA0C1DF000F7891 /* Face.swift */ = {isa = PBXFileReference; fileEncoding = 4; lastKnownFileType = sourcecode.swift; path = Face.swift; sourceTree = "<group>"; };
		5FEB6CA01AA0CA1A000F7891 /* Sushi.swift */ = {isa = PBXFileReference; fileEncoding = 4; lastKnownFileType = sourcecode.swift; path = Sushi.swift; sourceTree = "<group>"; };
		5FEB6CA41AA0D0C6000F7891 /* Company.swift */ = {isa = PBXFileReference; fileEncoding = 4; lastKnownFileType = sourcecode.swift; path = Company.swift; sourceTree = "<group>"; };
		5FEB6CA61AA0D17F000F7891 /* OtherPerson.swift */ = {isa = PBXFileReference; fileEncoding = 4; lastKnownFileType = sourcecode.swift; path = OtherPerson.swift; sourceTree = "<group>"; };
/* End PBXFileReference section */

/* Begin PBXFrameworksBuildPhase section */
		5FEB6C6B1AA092F6000F7891 /* Frameworks */ = {
			isa = PBXFrameworksBuildPhase;
			buildActionMask = 2147483647;
			files = (
				5FEB6C941AA0984A000F7891 /* Realm.framework in Frameworks */,
			);
			runOnlyForDeploymentPostprocessing = 0;
		};
		5FEB6C801AA092F6000F7891 /* Frameworks */ = {
			isa = PBXFrameworksBuildPhase;
			buildActionMask = 2147483647;
			files = (
			);
			runOnlyForDeploymentPostprocessing = 0;
		};
/* End PBXFrameworksBuildPhase section */

/* Begin PBXGroup section */
		5FEB6C651AA092F6000F7891 = {
			isa = PBXGroup;
			children = (
				5FEB6C931AA0984A000F7891 /* Realm.framework */,
				5FEB6C701AA092F6000F7891 /* RealmRelationsSample */,
				5FEB6C861AA092F6000F7891 /* RealmRelationsSampleTests */,
				5FEB6C6F1AA092F6000F7891 /* Products */,
			);
			sourceTree = "<group>";
		};
		5FEB6C6F1AA092F6000F7891 /* Products */ = {
			isa = PBXGroup;
			children = (
				5FEB6C6E1AA092F6000F7891 /* RealmRelationsSample.app */,
				5FEB6C831AA092F6000F7891 /* RealmRelationsSampleTests.xctest */,
			);
			name = Products;
			sourceTree = "<group>";
		};
		5FEB6C701AA092F6000F7891 /* RealmRelationsSample */ = {
			isa = PBXGroup;
			children = (
				5FEB6C9F1AA0C1F5000F7891 /* Model */,
				5FEB6C971AA09A74000F7891 /* RLMSupport.swift */,
				5FEB6C731AA092F6000F7891 /* AppDelegate.swift */,
				5FEB6C751AA092F6000F7891 /* ViewController.swift */,
				5FEB6C771AA092F6000F7891 /* Main.storyboard */,
				5FEB6C7A1AA092F6000F7891 /* Images.xcassets */,
				5FEB6C7C1AA092F6000F7891 /* LaunchScreen.xib */,
				5FEB6C711AA092F6000F7891 /* Supporting Files */,
			);
			path = RealmRelationsSample;
			sourceTree = "<group>";
		};
		5FEB6C711AA092F6000F7891 /* Supporting Files */ = {
			isa = PBXGroup;
			children = (
				5FEB6C721AA092F6000F7891 /* Info.plist */,
			);
			name = "Supporting Files";
			sourceTree = "<group>";
		};
		5FEB6C861AA092F6000F7891 /* RealmRelationsSampleTests */ = {
			isa = PBXGroup;
			children = (
				5FEB6C891AA092F6000F7891 /* RealmRelationsSampleTests.swift */,
				5FEB6C871AA092F6000F7891 /* Supporting Files */,
			);
			path = RealmRelationsSampleTests;
			sourceTree = "<group>";
		};
		5FEB6C871AA092F6000F7891 /* Supporting Files */ = {
			isa = PBXGroup;
			children = (
				5FEB6C881AA092F6000F7891 /* Info.plist */,
			);
			name = "Supporting Files";
			sourceTree = "<group>";
		};
		5FEB6C9F1AA0C1F5000F7891 /* Model */ = {
			isa = PBXGroup;
			children = (
				5FEB6C9B1AA09DB4000F7891 /* Person.swift */,
				5FEB6C9D1AA0C1DF000F7891 /* Face.swift */,
				5FEB6CA01AA0CA1A000F7891 /* Sushi.swift */,
				5FEB6CA41AA0D0C6000F7891 /* Company.swift */,
				5FEB6CA61AA0D17F000F7891 /* OtherPerson.swift */,
			);
			name = Model;
			sourceTree = "<group>";
		};
/* End PBXGroup section */

/* Begin PBXNativeTarget section */
		5FEB6C6D1AA092F6000F7891 /* RealmRelationsSample */ = {
			isa = PBXNativeTarget;
			buildConfigurationList = 5FEB6C8D1AA092F6000F7891 /* Build configuration list for PBXNativeTarget "RealmRelationsSample" */;
			buildPhases = (
				5FEB6C6A1AA092F6000F7891 /* Sources */,
				5FEB6C6B1AA092F6000F7891 /* Frameworks */,
				5FEB6C6C1AA092F6000F7891 /* Resources */,
				5FEB6C961AA0984A000F7891 /* Embed Frameworks */,
			);
			buildRules = (
			);
			dependencies = (
			);
			name = RealmRelationsSample;
			productName = RealmRelationsSample;
			productReference = 5FEB6C6E1AA092F6000F7891 /* RealmRelationsSample.app */;
			productType = "com.apple.product-type.application";
		};
		5FEB6C821AA092F6000F7891 /* RealmRelationsSampleTests */ = {
			isa = PBXNativeTarget;
			buildConfigurationList = 5FEB6C901AA092F6000F7891 /* Build configuration list for PBXNativeTarget "RealmRelationsSampleTests" */;
			buildPhases = (
				5FEB6C7F1AA092F6000F7891 /* Sources */,
				5FEB6C801AA092F6000F7891 /* Frameworks */,
				5FEB6C811AA092F6000F7891 /* Resources */,
			);
			buildRules = (
			);
			dependencies = (
				5FEB6C851AA092F6000F7891 /* PBXTargetDependency */,
			);
			name = RealmRelationsSampleTests;
			productName = RealmRelationsSampleTests;
			productReference = 5FEB6C831AA092F6000F7891 /* RealmRelationsSampleTests.xctest */;
			productType = "com.apple.product-type.bundle.unit-test";
		};
/* End PBXNativeTarget section */

/* Begin PBXProject section */
		5FEB6C661AA092F6000F7891 /* Project object */ = {
			isa = PBXProject;
			attributes = {
				LastUpgradeCheck = 0610;
				ORGANIZATIONNAME = haranicle;
				TargetAttributes = {
					5FEB6C6D1AA092F6000F7891 = {
						CreatedOnToolsVersion = 6.1.1;
					};
					5FEB6C821AA092F6000F7891 = {
						CreatedOnToolsVersion = 6.1.1;
						TestTargetID = 5FEB6C6D1AA092F6000F7891;
					};
				};
			};
			buildConfigurationList = 5FEB6C691AA092F6000F7891 /* Build configuration list for PBXProject "RealmRelationsSample" */;
			compatibilityVersion = "Xcode 3.2";
			developmentRegion = English;
			hasScannedForEncodings = 0;
			knownRegions = (
				en,
				Base,
			);
			mainGroup = 5FEB6C651AA092F6000F7891;
			productRefGroup = 5FEB6C6F1AA092F6000F7891 /* Products */;
			projectDirPath = "";
			projectRoot = "";
			targets = (
				5FEB6C6D1AA092F6000F7891 /* RealmRelationsSample */,
				5FEB6C821AA092F6000F7891 /* RealmRelationsSampleTests */,
			);
		};
/* End PBXProject section */

/* Begin PBXResourcesBuildPhase section */
		5FEB6C6C1AA092F6000F7891 /* Resources */ = {
			isa = PBXResourcesBuildPhase;
			buildActionMask = 2147483647;
			files = (
				5FEB6C791AA092F6000F7891 /* Main.storyboard in Resources */,
				5FEB6C7E1AA092F6000F7891 /* LaunchScreen.xib in Resources */,
				5FEB6C7B1AA092F6000F7891 /* Images.xcassets in Resources */,
			);
			runOnlyForDeploymentPostprocessing = 0;
		};
		5FEB6C811AA092F6000F7891 /* Resources */ = {
			isa = PBXResourcesBuildPhase;
			buildActionMask = 2147483647;
			files = (
			);
			runOnlyForDeploymentPostprocessing = 0;
		};
/* End PBXResourcesBuildPhase section */

/* Begin PBXSourcesBuildPhase section */
		5FEB6C6A1AA092F6000F7891 /* Sources */ = {
			isa = PBXSourcesBuildPhase;
			buildActionMask = 2147483647;
			files = (
				5FEB6C761AA092F6000F7891 /* ViewController.swift in Sources */,
				5FEB6C981AA09A74000F7891 /* RLMSupport.swift in Sources */,
				5FEB6CA11AA0CA1A000F7891 /* Sushi.swift in Sources */,
				5FEB6C9E1AA0C1DF000F7891 /* Face.swift in Sources */,
				5FEB6CA51AA0D0C6000F7891 /* Company.swift in Sources */,
				5FEB6CA71AA0D17F000F7891 /* OtherPerson.swift in Sources */,
				5FEB6C9C1AA09DB4000F7891 /* Person.swift in Sources */,
				5FEB6C741AA092F6000F7891 /* AppDelegate.swift in Sources */,
			);
			runOnlyForDeploymentPostprocessing = 0;
		};
		5FEB6C7F1AA092F6000F7891 /* Sources */ = {
			isa = PBXSourcesBuildPhase;
			buildActionMask = 2147483647;
			files = (
				5FEB6C8A1AA092F6000F7891 /* RealmRelationsSampleTests.swift in Sources */,
			);
			runOnlyForDeploymentPostprocessing = 0;
		};
/* End PBXSourcesBuildPhase section */

/* Begin PBXTargetDependency section */
		5FEB6C851AA092F6000F7891 /* PBXTargetDependency */ = {
			isa = PBXTargetDependency;
			target = 5FEB6C6D1AA092F6000F7891 /* RealmRelationsSample */;
			targetProxy = 5FEB6C841AA092F6000F7891 /* PBXContainerItemProxy */;
		};
/* End PBXTargetDependency section */

/* Begin PBXVariantGroup section */
		5FEB6C771AA092F6000F7891 /* Main.storyboard */ = {
			isa = PBXVariantGroup;
			children = (
				5FEB6C781AA092F6000F7891 /* Base */,
			);
			name = Main.storyboard;
			sourceTree = "<group>";
		};
		5FEB6C7C1AA092F6000F7891 /* LaunchScreen.xib */ = {
			isa = PBXVariantGroup;
			children = (
				5FEB6C7D1AA092F6000F7891 /* Base */,
			);
			name = LaunchScreen.xib;
			sourceTree = "<group>";
		};
/* End PBXVariantGroup section */

/* Begin XCBuildConfiguration section */
		5FEB6C8B1AA092F6000F7891 /* Debug */ = {
			isa = XCBuildConfiguration;
			buildSettings = {
				ALWAYS_SEARCH_USER_PATHS = NO;
				CLANG_CXX_LANGUAGE_STANDARD = "gnu++0x";
				CLANG_CXX_LIBRARY = "libc++";
				CLANG_ENABLE_MODULES = YES;
				CLANG_ENABLE_OBJC_ARC = YES;
				CLANG_WARN_BOOL_CONVERSION = YES;
				CLANG_WARN_CONSTANT_CONVERSION = YES;
				CLANG_WARN_DIRECT_OBJC_ISA_USAGE = YES_ERROR;
				CLANG_WARN_EMPTY_BODY = YES;
				CLANG_WARN_ENUM_CONVERSION = YES;
				CLANG_WARN_INT_CONVERSION = YES;
				CLANG_WARN_OBJC_ROOT_CLASS = YES_ERROR;
				CLANG_WARN_UNREACHABLE_CODE = YES;
				CLANG_WARN__DUPLICATE_METHOD_MATCH = YES;
				"CODE_SIGN_IDENTITY[sdk=iphoneos*]" = "iPhone Developer";
				COPY_PHASE_STRIP = NO;
				ENABLE_STRICT_OBJC_MSGSEND = YES;
				GCC_C_LANGUAGE_STANDARD = gnu99;
				GCC_DYNAMIC_NO_PIC = NO;
				GCC_OPTIMIZATION_LEVEL = 0;
				GCC_PREPROCESSOR_DEFINITIONS = (
					"DEBUG=1",
					"$(inherited)",
				);
				GCC_SYMBOLS_PRIVATE_EXTERN = NO;
				GCC_WARN_64_TO_32_BIT_CONVERSION = YES;
				GCC_WARN_ABOUT_RETURN_TYPE = YES_ERROR;
				GCC_WARN_UNDECLARED_SELECTOR = YES;
				GCC_WARN_UNINITIALIZED_AUTOS = YES_AGGRESSIVE;
				GCC_WARN_UNUSED_FUNCTION = YES;
				GCC_WARN_UNUSED_VARIABLE = YES;
				IPHONEOS_DEPLOYMENT_TARGET = 8.1;
				MTL_ENABLE_DEBUG_INFO = YES;
				ONLY_ACTIVE_ARCH = YES;
				SDKROOT = iphoneos;
				SWIFT_OPTIMIZATION_LEVEL = "-Onone";
				TARGETED_DEVICE_FAMILY = "1,2";
			};
			name = Debug;
		};
		5FEB6C8C1AA092F6000F7891 /* Release */ = {
			isa = XCBuildConfiguration;
			buildSettings = {
				ALWAYS_SEARCH_USER_PATHS = NO;
				CLANG_CXX_LANGUAGE_STANDARD = "gnu++0x";
				CLANG_CXX_LIBRARY = "libc++";
				CLANG_ENABLE_MODULES = YES;
				CLANG_ENABLE_OBJC_ARC = YES;
				CLANG_WARN_BOOL_CONVERSION = YES;
				CLANG_WARN_CONSTANT_CONVERSION = YES;
				CLANG_WARN_DIRECT_OBJC_ISA_USAGE = YES_ERROR;
				CLANG_WARN_EMPTY_BODY = YES;
				CLANG_WARN_ENUM_CONVERSION = YES;
				CLANG_WARN_INT_CONVERSION = YES;
				CLANG_WARN_OBJC_ROOT_CLASS = YES_ERROR;
				CLANG_WARN_UNREACHABLE_CODE = YES;
				CLANG_WARN__DUPLICATE_METHOD_MATCH = YES;
				"CODE_SIGN_IDENTITY[sdk=iphoneos*]" = "iPhone Developer";
				COPY_PHASE_STRIP = YES;
				ENABLE_NS_ASSERTIONS = NO;
				ENABLE_STRICT_OBJC_MSGSEND = YES;
				GCC_C_LANGUAGE_STANDARD = gnu99;
				GCC_WARN_64_TO_32_BIT_CONVERSION = YES;
				GCC_WARN_ABOUT_RETURN_TYPE = YES_ERROR;
				GCC_WARN_UNDECLARED_SELECTOR = YES;
				GCC_WARN_UNINITIALIZED_AUTOS = YES_AGGRESSIVE;
				GCC_WARN_UNUSED_FUNCTION = YES;
				GCC_WARN_UNUSED_VARIABLE = YES;
				IPHONEOS_DEPLOYMENT_TARGET = 8.1;
				MTL_ENABLE_DEBUG_INFO = NO;
				SDKROOT = iphoneos;
				TARGETED_DEVICE_FAMILY = "1,2";
				VALIDATE_PRODUCT = YES;
			};
			name = Release;
		};
		5FEB6C8E1AA092F6000F7891 /* Debug */ = {
			isa = XCBuildConfiguration;
			buildSettings = {
				ASSETCATALOG_COMPILER_APPICON_NAME = AppIcon;
				FRAMEWORK_SEARCH_PATHS = (
					"$(inherited)",
					"$(PROJECT_DIR)/Carthage/Build/iOS",
				);
				INFOPLIST_FILE = RealmRelationsSample/Info.plist;
				LD_RUNPATH_SEARCH_PATHS = "$(inherited) @executable_path/Frameworks";
				PRODUCT_NAME = "$(TARGET_NAME)";
			};
			name = Debug;
		};
		5FEB6C8F1AA092F6000F7891 /* Release */ = {
			isa = XCBuildConfiguration;
			buildSettings = {
				ASSETCATALOG_COMPILER_APPICON_NAME = AppIcon;
				FRAMEWORK_SEARCH_PATHS = (
					"$(inherited)",
					"$(PROJECT_DIR)/Carthage/Build/iOS",
				);
				INFOPLIST_FILE = RealmRelationsSample/Info.plist;
				LD_RUNPATH_SEARCH_PATHS = "$(inherited) @executable_path/Frameworks";
				PRODUCT_NAME = "$(TARGET_NAME)";
			};
			name = Release;
		};
		5FEB6C911AA092F6000F7891 /* Debug */ = {
			isa = XCBuildConfiguration;
			buildSettings = {
				BUNDLE_LOADER = "$(TEST_HOST)";
				FRAMEWORK_SEARCH_PATHS = (
					"$(SDKROOT)/Developer/Library/Frameworks",
					"$(inherited)",
				);
				GCC_PREPROCESSOR_DEFINITIONS = (
					"DEBUG=1",
					"$(inherited)",
				);
				INFOPLIST_FILE = RealmRelationsSampleTests/Info.plist;
				LD_RUNPATH_SEARCH_PATHS = "$(inherited) @executable_path/Frameworks @loader_path/Frameworks";
				PRODUCT_NAME = "$(TARGET_NAME)";
				TEST_HOST = "$(BUILT_PRODUCTS_DIR)/RealmRelationsSample.app/RealmRelationsSample";
			};
			name = Debug;
		};
		5FEB6C921AA092F6000F7891 /* Release */ = {
			isa = XCBuildConfiguration;
			buildSettings = {
				BUNDLE_LOADER = "$(TEST_HOST)";
				FRAMEWORK_SEARCH_PATHS = (
					"$(SDKROOT)/Developer/Library/Frameworks",
					"$(inherited)",
				);
				INFOPLIST_FILE = RealmRelationsSampleTests/Info.plist;
				LD_RUNPATH_SEARCH_PATHS = "$(inherited) @executable_path/Frameworks @loader_path/Frameworks";
				PRODUCT_NAME = "$(TARGET_NAME)";
				TEST_HOST = "$(BUILT_PRODUCTS_DIR)/RealmRelationsSample.app/RealmRelationsSample";
			};
			name = Release;
		};
/* End XCBuildConfiguration section */

/* Begin XCConfigurationList section */
		5FEB6C691AA092F6000F7891 /* Build configuration list for PBXProject "RealmRelationsSample" */ = {
			isa = XCConfigurationList;
			buildConfigurations = (
				5FEB6C8B1AA092F6000F7891 /* Debug */,
				5FEB6C8C1AA092F6000F7891 /* Release */,
			);
			defaultConfigurationIsVisible = 0;
			defaultConfigurationName = Release;
		};
		5FEB6C8D1AA092F6000F7891 /* Build configuration list for PBXNativeTarget "RealmRelationsSample" */ = {
			isa = XCConfigurationList;
			buildConfigurations = (
				5FEB6C8E1AA092F6000F7891 /* Debug */,
				5FEB6C8F1AA092F6000F7891 /* Release */,
			);
			defaultConfigurationIsVisible = 0;
			defaultConfigurationName = Release;
		};
		5FEB6C901AA092F6000F7891 /* Build configuration list for PBXNativeTarget "RealmRelationsSampleTests" */ = {
			isa = XCConfigurationList;
			buildConfigurations = (
				5FEB6C911AA092F6000F7891 /* Debug */,
				5FEB6C921AA092F6000F7891 /* Release */,
			);
			defaultConfigurationIsVisible = 0;
			defaultConfigurationName = Release;
		};
/* End XCConfigurationList section */
	};
	rootObject = 5FEB6C661AA092F6000F7891 /* Project object */;
}
